
Microsoft Visual Studio Solution File, Format Version 12.00
# Visual Studio Version 17
VisualStudioVersion = 17.3.32819.101
MinimumVisualStudioVersion = 10.0.40219.1
Project("{2150E333-8FDC-42A3-9474-1A3956D46DE8}") = "Services", "Services", "{D3FEA027-C9EC-4332-B452-F852B411564E}"
EndProject
Project("{2150E333-8FDC-42A3-9474-1A3956D46DE8}") = "Catalog", "Catalog", "{B7FF10C9-BB18-4ACF-A0BE-6267B1629D49}"
EndProject
Project("{9A19103F-16F7-4668-BE54-9A1E7A4F7556}") = "CatalogService", "Catalog\CatalogService\CatalogService.csproj", "{22AB2E41-308E-4689-8317-CBFE3A9522BC}"
EndProject
Project("{E53339B2-1760-4266-BCC7-CA923CBCF16C}") = "docker-compose", "docker-compose.dcproj", "{CAB10A94-1A5D-4A3E-8D09-7F2C030F0A77}"
EndProject
Project("{2150E333-8FDC-42A3-9474-1A3956D46DE8}") = "Basket", "Basket", "{9FEBE836-CA13-423B-B36F-9EA6D903E77E}"
EndProject
Project("{9A19103F-16F7-4668-BE54-9A1E7A4F7556}") = "BasketService", "Basket\BasketServices\BasketService\BasketService.csproj", "{9166A738-710F-4059-A0F3-CBFACE1B3F6F}"
EndProject
Project("{2150E333-8FDC-42A3-9474-1A3956D46DE8}") = "Discount", "Discount", "{714EDB4C-39AF-44F2-8D26-0C90A75CA910}"
EndProject
Project("{9A19103F-16F7-4668-BE54-9A1E7A4F7556}") = "DiscountService", "Discount\DiscountService\DiscountService\DiscountService.csproj", "{3DDE3E5C-DDF9-4D1F-BBE6-2766A9599D15}"
EndProject
Project("{FAE04EC0-301F-11D3-BF4B-00C04F79EFBC}") = "DiscountGrpc", "Discount\DiscountService\DiscountGrpc\DiscountGrpc\DiscountGrpc.csproj", "{F693691F-6E80-4A41-9BE1-5F8657D1AB14}"
EndProject
Project("{2150E333-8FDC-42A3-9474-1A3956D46DE8}") = "Ordering", "Ordering", "{53F464BA-269A-46B0-9BBC-B0C8C10FC8B1}"
EndProject
Project("{FAE04EC0-301F-11D3-BF4B-00C04F79EFBC}") = "OrderServices", "Order\OrderService\OrderServices\OrderServices.csproj", "{DD4DFB64-9621-4F84-A914-35EED82E67A9}"
EndProject
Project("{FAE04EC0-301F-11D3-BF4B-00C04F79EFBC}") = "Ordering.Domain", "Order\OrderingDomain\Ordering.Domain\Ordering.Domain.csproj", "{D6FD124E-A701-4FAA-905B-E2C13E7DCE72}"
EndProject
Project("{FAE04EC0-301F-11D3-BF4B-00C04F79EFBC}") = "Ordering.Application", "Order\OrderingApplication\Ordering.Application\Ordering.Application.csproj", "{881B9F82-DDEF-4F40-8BB2-A7759F55E7EC}"
EndProject
Project("{FAE04EC0-301F-11D3-BF4B-00C04F79EFBC}") = "OrderingInfastructure", "Order\OrderingInfastructure\OrderingInfastructure\OrderingInfastructure.csproj", "{1D0596F1-8B3C-4DFD-8A8C-3448957513AE}"
EndProject
Global
	GlobalSection(SolutionConfigurationPlatforms) = preSolution
		Debug|Any CPU = Debug|Any CPU
		Release|Any CPU = Release|Any CPU
	EndGlobalSection
	GlobalSection(ProjectConfigurationPlatforms) = postSolution
		{22AB2E41-308E-4689-8317-CBFE3A9522BC}.Debug|Any CPU.ActiveCfg = Debug|Any CPU
		{22AB2E41-308E-4689-8317-CBFE3A9522BC}.Debug|Any CPU.Build.0 = Debug|Any CPU
		{22AB2E41-308E-4689-8317-CBFE3A9522BC}.Release|Any CPU.ActiveCfg = Release|Any CPU
		{22AB2E41-308E-4689-8317-CBFE3A9522BC}.Release|Any CPU.Build.0 = Release|Any CPU
		{CAB10A94-1A5D-4A3E-8D09-7F2C030F0A77}.Debug|Any CPU.ActiveCfg = Debug|Any CPU
		{CAB10A94-1A5D-4A3E-8D09-7F2C030F0A77}.Debug|Any CPU.Build.0 = Debug|Any CPU
		{CAB10A94-1A5D-4A3E-8D09-7F2C030F0A77}.Release|Any CPU.ActiveCfg = Release|Any CPU
		{CAB10A94-1A5D-4A3E-8D09-7F2C030F0A77}.Release|Any CPU.Build.0 = Release|Any CPU
		{9166A738-710F-4059-A0F3-CBFACE1B3F6F}.Debug|Any CPU.ActiveCfg = Debug|Any CPU
		{9166A738-710F-4059-A0F3-CBFACE1B3F6F}.Debug|Any CPU.Build.0 = Debug|Any CPU
		{9166A738-710F-4059-A0F3-CBFACE1B3F6F}.Release|Any CPU.ActiveCfg = Release|Any CPU
		{9166A738-710F-4059-A0F3-CBFACE1B3F6F}.Release|Any CPU.Build.0 = Release|Any CPU
		{3DDE3E5C-DDF9-4D1F-BBE6-2766A9599D15}.Debug|Any CPU.ActiveCfg = Debug|Any CPU
		{3DDE3E5C-DDF9-4D1F-BBE6-2766A9599D15}.Debug|Any CPU.Build.0 = Debug|Any CPU
		{3DDE3E5C-DDF9-4D1F-BBE6-2766A9599D15}.Release|Any CPU.ActiveCfg = Release|Any CPU
		{3DDE3E5C-DDF9-4D1F-BBE6-2766A9599D15}.Release|Any CPU.Build.0 = Release|Any CPU
		{F693691F-6E80-4A41-9BE1-5F8657D1AB14}.Debug|Any CPU.ActiveCfg = Debug|Any CPU
		{F693691F-6E80-4A41-9BE1-5F8657D1AB14}.Debug|Any CPU.Build.0 = Debug|Any CPU
		{F693691F-6E80-4A41-9BE1-5F8657D1AB14}.Release|Any CPU.ActiveCfg = Release|Any CPU
		{F693691F-6E80-4A41-9BE1-5F8657D1AB14}.Release|Any CPU.Build.0 = Release|Any CPU
		{DD4DFB64-9621-4F84-A914-35EED82E67A9}.Debug|Any CPU.ActiveCfg = Debug|Any CPU
		{DD4DFB64-9621-4F84-A914-35EED82E67A9}.Debug|Any CPU.Build.0 = Debug|Any CPU
		{DD4DFB64-9621-4F84-A914-35EED82E67A9}.Release|Any CPU.ActiveCfg = Release|Any CPU
		{DD4DFB64-9621-4F84-A914-35EED82E67A9}.Release|Any CPU.Build.0 = Release|Any CPU
		{D6FD124E-A701-4FAA-905B-E2C13E7DCE72}.Debug|Any CPU.ActiveCfg = Debug|Any CPU
		{D6FD124E-A701-4FAA-905B-E2C13E7DCE72}.Debug|Any CPU.Build.0 = Debug|Any CPU
		{D6FD124E-A701-4FAA-905B-E2C13E7DCE72}.Release|Any CPU.ActiveCfg = Release|Any CPU
		{D6FD124E-A701-4FAA-905B-E2C13E7DCE72}.Release|Any CPU.Build.0 = Release|Any CPU
		{881B9F82-DDEF-4F40-8BB2-A7759F55E7EC}.Debug|Any CPU.ActiveCfg = Debug|Any CPU
		{881B9F82-DDEF-4F40-8BB2-A7759F55E7EC}.Debug|Any CPU.Build.0 = Debug|Any CPU
		{881B9F82-DDEF-4F40-8BB2-A7759F55E7EC}.Release|Any CPU.ActiveCfg = Release|Any CPU
		{881B9F82-DDEF-4F40-8BB2-A7759F55E7EC}.Release|Any CPU.Build.0 = Release|Any CPU
		{1D0596F1-8B3C-4DFD-8A8C-3448957513AE}.Debug|Any CPU.ActiveCfg = Debug|Any CPU
		{1D0596F1-8B3C-4DFD-8A8C-3448957513AE}.Debug|Any CPU.Build.0 = Debug|Any CPU
		{1D0596F1-8B3C-4DFD-8A8C-3448957513AE}.Release|Any CPU.ActiveCfg = Release|Any CPU
		{1D0596F1-8B3C-4DFD-8A8C-3448957513AE}.Release|Any CPU.Build.0 = Release|Any CPU
	EndGlobalSection
	GlobalSection(SolutionProperties) = preSolution
		HideSolutionNode = FALSE
	EndGlobalSection
	GlobalSection(NestedProjects) = preSolution
		{B7FF10C9-BB18-4ACF-A0BE-6267B1629D49} = {D3FEA027-C9EC-4332-B452-F852B411564E}
		{22AB2E41-308E-4689-8317-CBFE3A9522BC} = {B7FF10C9-BB18-4ACF-A0BE-6267B1629D49}
		{9FEBE836-CA13-423B-B36F-9EA6D903E77E} = {D3FEA027-C9EC-4332-B452-F852B411564E}
		{9166A738-710F-4059-A0F3-CBFACE1B3F6F} = {9FEBE836-CA13-423B-B36F-9EA6D903E77E}
		{714EDB4C-39AF-44F2-8D26-0C90A75CA910} = {D3FEA027-C9EC-4332-B452-F852B411564E}
		{3DDE3E5C-DDF9-4D1F-BBE6-2766A9599D15} = {714EDB4C-39AF-44F2-8D26-0C90A75CA910}
		{F693691F-6E80-4A41-9BE1-5F8657D1AB14} = {714EDB4C-39AF-44F2-8D26-0C90A75CA910}
		{53F464BA-269A-46B0-9BBC-B0C8C10FC8B1} = {D3FEA027-C9EC-4332-B452-F852B411564E}
		{DD4DFB64-9621-4F84-A914-35EED82E67A9} = {53F464BA-269A-46B0-9BBC-B0C8C10FC8B1}
		{D6FD124E-A701-4FAA-905B-E2C13E7DCE72} = {53F464BA-269A-46B0-9BBC-B0C8C10FC8B1}
		{881B9F82-DDEF-4F40-8BB2-A7759F55E7EC} = {53F464BA-269A-46B0-9BBC-B0C8C10FC8B1}
		{1D0596F1-8B3C-4DFD-8A8C-3448957513AE} = {53F464BA-269A-46B0-9BBC-B0C8C10FC8B1}
	EndGlobalSection
	GlobalSection(ExtensibilityGlobals) = postSolution
		SolutionGuid = {C4DD6C53-1B62-41E1-AF07-7D08018AB2A4}
	EndGlobalSection
EndGlobal
