
Microsoft Visual Studio Solution File, Format Version 12.00
# Visual Studio Version 17
VisualStudioVersion = 17.3.32819.101
MinimumVisualStudioVersion = 10.0.40219.1
Project("{2150E333-8FDC-42A3-9474-1A3956D46DE8}") = "Services", "Services", "{D3FEA027-C9EC-4332-B452-F852B411564E}"
EndProject
Project("{2150E333-8FDC-42A3-9474-1A3956D46DE8}") = "Catalog", "Catalog", "{B7FF10C9-BB18-4ACF-A0BE-6267B1629D49}"
EndProject
Project("{9A19103F-16F7-4668-BE54-9A1E7A4F7556}") = "CatalogService", "Catalog\CatalogService\CatalogService.csproj", "{22AB2E41-308E-4689-8317-CBFE3A9522BC}"
EndProject
Project("{E53339B2-1760-4266-BCC7-CA923CBCF16C}") = "docker-compose", "docker-compose.dcproj", "{CAB10A94-1A5D-4A3E-8D09-7F2C030F0A77}"
EndProject
Project("{2150E333-8FDC-42A3-9474-1A3956D46DE8}") = "Basket", "Basket", "{9FEBE836-CA13-423B-B36F-9EA6D903E77E}"
EndProject
Project("{FAE04EC0-301F-11D3-BF4B-00C04F79EFBC}") = "BasketService", "Basket\BasketServices\BasketService\BasketService.csproj", "{9166A738-710F-4059-A0F3-CBFACE1B3F6F}"
EndProject
Global
	GlobalSection(SolutionConfigurationPlatforms) = preSolution
		Debug|Any CPU = Debug|Any CPU
		Release|Any CPU = Release|Any CPU
	EndGlobalSection
	GlobalSection(ProjectConfigurationPlatforms) = postSolution
		{22AB2E41-308E-4689-8317-CBFE3A9522BC}.Debug|Any CPU.ActiveCfg = Debug|Any CPU
		{22AB2E41-308E-4689-8317-CBFE3A9522BC}.Debug|Any CPU.Build.0 = Debug|Any CPU
		{22AB2E41-308E-4689-8317-CBFE3A9522BC}.Release|Any CPU.ActiveCfg = Release|Any CPU
		{22AB2E41-308E-4689-8317-CBFE3A9522BC}.Release|Any CPU.Build.0 = Release|Any CPU
		{CAB10A94-1A5D-4A3E-8D09-7F2C030F0A77}.Debug|Any CPU.ActiveCfg = Debug|Any CPU
		{CAB10A94-1A5D-4A3E-8D09-7F2C030F0A77}.Debug|Any CPU.Build.0 = Debug|Any CPU
		{CAB10A94-1A5D-4A3E-8D09-7F2C030F0A77}.Release|Any CPU.ActiveCfg = Release|Any CPU
		{CAB10A94-1A5D-4A3E-8D09-7F2C030F0A77}.Release|Any CPU.Build.0 = Release|Any CPU
		{9166A738-710F-4059-A0F3-CBFACE1B3F6F}.Debug|Any CPU.ActiveCfg = Debug|Any CPU
		{9166A738-710F-4059-A0F3-CBFACE1B3F6F}.Debug|Any CPU.Build.0 = Debug|Any CPU
		{9166A738-710F-4059-A0F3-CBFACE1B3F6F}.Release|Any CPU.ActiveCfg = Release|Any CPU
		{9166A738-710F-4059-A0F3-CBFACE1B3F6F}.Release|Any CPU.Build.0 = Release|Any CPU
	EndGlobalSection
	GlobalSection(SolutionProperties) = preSolution
		HideSolutionNode = FALSE
	EndGlobalSection
	GlobalSection(NestedProjects) = preSolution
		{B7FF10C9-BB18-4ACF-A0BE-6267B1629D49} = {D3FEA027-C9EC-4332-B452-F852B411564E}
		{22AB2E41-308E-4689-8317-CBFE3A9522BC} = {B7FF10C9-BB18-4ACF-A0BE-6267B1629D49}
		{9FEBE836-CA13-423B-B36F-9EA6D903E77E} = {D3FEA027-C9EC-4332-B452-F852B411564E}
		{9166A738-710F-4059-A0F3-CBFACE1B3F6F} = {9FEBE836-CA13-423B-B36F-9EA6D903E77E}
	EndGlobalSection
	GlobalSection(ExtensibilityGlobals) = postSolution
		SolutionGuid = {C4DD6C53-1B62-41E1-AF07-7D08018AB2A4}
	EndGlobalSection
EndGlobal
